{
  "name": "asproject",
  "version": "1.0.0",
  "lockfileVersion": 3,
  "requires": true,
  "packages": {
    "": {
      "name": "asproject",
      "version": "1.0.0",
      "license": "MIT",
      "dependencies": {
        "@loupeteam/librarybuilderproject": "^1.0.1",
        "@loupeteam/scalelib": "^1.0.0",
        "@loupeteam/spdestlib": "^1.0.0"
      }
    },
    "node_modules/@loupeteam/librarybuilderproject": {
      "version": "1.0.1",
      "resolved": "https://npm.pkg.github.com/download/@loupeteam/librarybuilderproject/1.0.1/7c9555096f7ef8e8ce6b355c76533cb86d3b0229",
      "integrity": "sha512-0a31O2d0/LpWOwOvde6hIU/ZKPt4B9RXgrM/KQi2ayXm9UuDudNdp0YqCiTDm+UqciUlY5GtpQzOhx4VYfKdbA==",
      "license": "MIT"
    },
    "node_modules/@loupeteam/scalelib": {
      "version": "1.0.0",
      "resolved": "https://npm.pkg.github.com/download/@loupeteam/scalelib/1.0.0/70da520df0c295ccd090ebd6f709f7fb3d8775d7",
      "integrity": "sha512-ic9rFGLSNDiYFkaM6asVRxRghlHzJP559QGr8Rdf7P25geQuYnUl3e2KxnZSZkQLsK/IfKbHtsWbj9Q1NLmCFQ==",
      "license": "MIT"
    },
    "node_modules/@loupeteam/spdestlib": {
      "version": "1.0.0",
      "resolved": "https://npm.pkg.github.com/download/@loupeteam/spdestlib/1.0.0/67e81b7cbe2eb79bbcb97d3561cbc0be1006a870",
      "integrity": "sha512-lVVIoeKtt9dUyETS19Kp2h+5S6oRi6lex0MhyBwsQyFoRJrWNRMt65ArYZRa3mR9Hse8lLMjCyws603PpYqU8w==",
      "license": "MIT"
    }
  }
}
