{
    "name": "@loupeteam/librarybuilderproject",
    "version": "0.2.0",
    "lockfileVersion": 3,
    "requires": true,
    "packages": {
        "": {
            "name": "@loupeteam/librarybuilderproject",
            "version": "0.2.0",
            "license": "MIT",
            "dependencies": {
                "@loupeteam/librarybuilderproject": "^0.3.0",
                "@loupeteam/vfdlib": "^0.3.4"
            }
        },
        "node_modules/@loupeteam/librarybuilderproject": {
            "version": "0.3.0",
            "resolved": "https://npm.pkg.github.com/download/@loupeteam/librarybuilderproject/0.3.0/9c3c1fc98350439d618573f3b465d94e3ae1e000",
            "integrity": "sha512-kUOwhpPoqQ1DikLGFBH3c8+nsb28ayX2IpQRC0UaEg34cV4GrRoI0FvkSovc3tgrGohpyvxFPRy5C6TM5wj7JA==",
            "license": "MIT"
        },
        "node_modules/@loupeteam/scalelib": {
            "version": "0.1.0",
            "resolved": "https://npm.pkg.github.com/download/@loupeteam/scalelib/0.1.0/8227fbe4801649e75488c90b1e685c36053027aa",
            "integrity": "sha512-yK4dzlIegn8d9OvsMJ6WkicacdnYKME9UERrQMb/dTAW6F+wmap2cabBwgfyqW5djK26wTuRo+4n6yJQNKBf9A==",
            "license": "MIT"
        },
        "node_modules/@loupeteam/spdestlib": {
            "version": "0.2.0",
            "resolved": "https://npm.pkg.github.com/download/@loupeteam/spdestlib/0.2.0/bbf41b2a3454612cbcca775f2de583f08d6fea7e",
            "integrity": "sha512-5Q+WDZOdVp5MOWExj5zDW1DMaabI2brs+xShkfOjZjoYtb6J2qykK8QAQyRirvxokXmOXicQpY65lOCIrn5gyA==",
            "license": "Loupe Software License Agreement"
        },
        "node_modules/@loupeteam/vfdlib": {
            "version": "0.3.4",
            "resolved": "https://npm.pkg.github.com/download/@loupeteam/vfdlib/0.3.4/33831433ee183ed8d1924dce5212784d5da451df",
            "integrity": "sha512-CfvXq4O6DlXQXD7J6qvmAzq/lfBqvrXxKDJ50pSV6Pg1JBz9zmj+tL4O0Wig3s8Hcq2CuTzNFfRYB3gwk+szQg==",
            "license": "Loupe Software License Agreement",
            "dependencies": {
                "@loupeteam/scalelib": "*",
                "@loupeteam/spdestlib": "*"
            }
        }
    }
}
